
Microsoft Visual Studio Solution File, Format Version 12.00
# Visual Studio 15
VisualStudioVersion = 15.0.28307.106
MinimumVisualStudioVersion = 10.0.40219.1
Project("{8BC9CEB8-8B4A-11D0-8D11-00A0C91BC942}") = "Miller", "Miller.vcxproj", "{DA135F1E-1CA1-4925-AEDB-CCDE37233293}"
EndProject
Global
	GlobalSection(SolutionConfigurationPlatforms) = preSolution
		Debug|x64 = Debug|x64
		Debug|x86 = Debug|x86
		Release|x64 = Release|x64
		Release|x86 = Release|x86
	EndGlobalSection
	GlobalSection(ProjectConfigurationPlatforms) = postSolution
		{DA135F1E-1CA1-4925-AEDB-CCDE37233293}.Debug|x64.ActiveCfg = Debug|x64
		{DA135F1E-1CA1-4925-AEDB-CCDE37233293}.Debug|x64.Build.0 = Debug|x64
		{DA135F1E-1CA1-4925-AEDB-CCDE37233293}.Debug|x86.ActiveCfg = Debug|Win32
		{DA135F1E-1CA1-4925-AEDB-CCDE37233293}.Debug|x86.Build.0 = Debug|Win32
		{DA135F1E-1CA1-4925-AEDB-CCDE37233293}.Release|x64.ActiveCfg = Release|x64
		{DA135F1E-1CA1-4925-AEDB-CCDE37233293}.Release|x64.Build.0 = Release|x64
		{DA135F1E-1CA1-4925-AEDB-CCDE37233293}.Release|x86.ActiveCfg = Release|Win32
		{DA135F1E-1CA1-4925-AEDB-CCDE37233293}.Release|x86.Build.0 = Release|Win32
	EndGlobalSection
	GlobalSection(SolutionProperties) = preSolution
		HideSolutionNode = FALSE
	EndGlobalSection
	GlobalSection(ExtensibilityGlobals) = postSolution
		SolutionGuid = {84869ACB-77EA-4249-ABBE-E47F12634C46}
	EndGlobalSection
EndGlobal
